
Microsoft Visual Studio Solution File, Format Version 12.00
# Visual Studio Version 17
VisualStudioVersion = 17.6.33712.159
MinimumVisualStudioVersion = 10.0.40219.1
Project("{FAE04EC0-301F-11D3-BF4B-00C04F79EFBC}") = "AMST4.Carousel.MVC", "AMST4.Carousel.MVC\AMST4.Carousel.MVC.csproj", "{9131A2AC-3645-4624-9657-2311AF27ADE4}"
EndProject
Global
	GlobalSection(SolutionConfigurationPlatforms) = preSolution
		Debug|Any CPU = Debug|Any CPU
		Release|Any CPU = Release|Any CPU
	EndGlobalSection
	GlobalSection(ProjectConfigurationPlatforms) = postSolution
		{9131A2AC-3645-4624-9657-2311AF27ADE4}.Debug|Any CPU.ActiveCfg = Debug|Any CPU
		{9131A2AC-3645-4624-9657-2311AF27ADE4}.Debug|Any CPU.Build.0 = Debug|Any CPU
		{9131A2AC-3645-4624-9657-2311AF27ADE4}.Release|Any CPU.ActiveCfg = Release|Any CPU
		{9131A2AC-3645-4624-9657-2311AF27ADE4}.Release|Any CPU.Build.0 = Release|Any CPU
	EndGlobalSection
	GlobalSection(SolutionProperties) = preSolution
		HideSolutionNode = FALSE
	EndGlobalSection
	GlobalSection(ExtensibilityGlobals) = postSolution
		SolutionGuid = {9AA3506D-78E5-4162-B216-D4B2DD8AE62B}
	EndGlobalSection
EndGlobal
